
Microsoft Visual Studio Solution File, Format Version 12.00
# Visual Studio Version 16
VisualStudioVersion = 16.0.31624.102
MinimumVisualStudioVersion = 10.0.40219.1
Project("{FAE04EC0-301F-11D3-BF4B-00C04F79EFBC}") = "SchoolLibrary", "SchoolLibrary\SchoolLibrary.csproj", "{FCDAE391-0569-4805-AB52-2A4D1E1F9EEE}"
EndProject
Project("{FAE04EC0-301F-11D3-BF4B-00C04F79EFBC}") = "SchoolFormsApp", "SchoolFormsApp\SchoolFormsApp.csproj", "{8D71411A-59ED-481F-96B8-C0FEED1CB6F3}"
EndProject
Global
	GlobalSection(SolutionConfigurationPlatforms) = preSolution
		Debug|Any CPU = Debug|Any CPU
		Release|Any CPU = Release|Any CPU
	EndGlobalSection
	GlobalSection(ProjectConfigurationPlatforms) = postSolution
		{FCDAE391-0569-4805-AB52-2A4D1E1F9EEE}.Debug|Any CPU.ActiveCfg = Debug|Any CPU
		{FCDAE391-0569-4805-AB52-2A4D1E1F9EEE}.Debug|Any CPU.Build.0 = Debug|Any CPU
		{FCDAE391-0569-4805-AB52-2A4D1E1F9EEE}.Release|Any CPU.ActiveCfg = Release|Any CPU
		{FCDAE391-0569-4805-AB52-2A4D1E1F9EEE}.Release|Any CPU.Build.0 = Release|Any CPU
		{8D71411A-59ED-481F-96B8-C0FEED1CB6F3}.Debug|Any CPU.ActiveCfg = Debug|Any CPU
		{8D71411A-59ED-481F-96B8-C0FEED1CB6F3}.Debug|Any CPU.Build.0 = Debug|Any CPU
		{8D71411A-59ED-481F-96B8-C0FEED1CB6F3}.Release|Any CPU.ActiveCfg = Release|Any CPU
		{8D71411A-59ED-481F-96B8-C0FEED1CB6F3}.Release|Any CPU.Build.0 = Release|Any CPU
	EndGlobalSection
	GlobalSection(SolutionProperties) = preSolution
		HideSolutionNode = FALSE
	EndGlobalSection
	GlobalSection(ExtensibilityGlobals) = postSolution
		SolutionGuid = {F7BCDDF9-66DA-4D83-A905-B2ECE076D030}
	EndGlobalSection
EndGlobal
